
Microsoft Visual Studio Solution File, Format Version 12.00
# Visual Studio Version 16
VisualStudioVersion = 16.0.30523.141
MinimumVisualStudioVersion = 10.0.40219.1
Project("{FAE04EC0-301F-11D3-BF4B-00C04F79EFBC}") = "BPMCounter", "BPMCounter\BPMCounter.csproj", "{04E92C4F-39CB-4860-BCF7-6BAD5D95A68D}"
EndProject
Global
	GlobalSection(SolutionConfigurationPlatforms) = preSolution
		Debug|Any CPU = Debug|Any CPU
		Release|Any CPU = Release|Any CPU
	EndGlobalSection
	GlobalSection(ProjectConfigurationPlatforms) = postSolution
		{04E92C4F-39CB-4860-BCF7-6BAD5D95A68D}.Debug|Any CPU.ActiveCfg = Debug|Any CPU
		{04E92C4F-39CB-4860-BCF7-6BAD5D95A68D}.Debug|Any CPU.Build.0 = Debug|Any CPU
		{04E92C4F-39CB-4860-BCF7-6BAD5D95A68D}.Release|Any CPU.ActiveCfg = Release|Any CPU
		{04E92C4F-39CB-4860-BCF7-6BAD5D95A68D}.Release|Any CPU.Build.0 = Release|Any CPU
	EndGlobalSection
	GlobalSection(SolutionProperties) = preSolution
		HideSolutionNode = FALSE
	EndGlobalSection
	GlobalSection(ExtensibilityGlobals) = postSolution
		SolutionGuid = {F0AA59E8-9338-4AD1-9A0F-8FE483E26409}
	EndGlobalSection
EndGlobal
